
Microsoft Visual Studio Solution File, Format Version 12.00
# Visual Studio Version 17
VisualStudioVersion = 17.3.32922.545
MinimumVisualStudioVersion = 10.0.40219.1
Project("{FAE04EC0-301F-11D3-BF4B-00C04F79EFBC}") = "karakter_degistirme", "karakter_degistirme\karakter_degistirme.csproj", "{E7963AD0-668F-422B-8B6F-E48BF930AD30}"
EndProject
Global
	GlobalSection(SolutionConfigurationPlatforms) = preSolution
		Debug|Any CPU = Debug|Any CPU
		Release|Any CPU = Release|Any CPU
	EndGlobalSection
	GlobalSection(ProjectConfigurationPlatforms) = postSolution
		{E7963AD0-668F-422B-8B6F-E48BF930AD30}.Debug|Any CPU.ActiveCfg = Debug|Any CPU
		{E7963AD0-668F-422B-8B6F-E48BF930AD30}.Debug|Any CPU.Build.0 = Debug|Any CPU
		{E7963AD0-668F-422B-8B6F-E48BF930AD30}.Release|Any CPU.ActiveCfg = Release|Any CPU
		{E7963AD0-668F-422B-8B6F-E48BF930AD30}.Release|Any CPU.Build.0 = Release|Any CPU
	EndGlobalSection
	GlobalSection(SolutionProperties) = preSolution
		HideSolutionNode = FALSE
	EndGlobalSection
	GlobalSection(ExtensibilityGlobals) = postSolution
		SolutionGuid = {B57468AE-6F7A-422F-87C9-06387BDAE8B5}
	EndGlobalSection
EndGlobal
